
Microsoft Visual Studio Solution File, Format Version 12.00
# Visual Studio Version 16
VisualStudioVersion = 16.0.29519.87
MinimumVisualStudioVersion = 10.0.40219.1
Project("{FAE04EC0-301F-11D3-BF4B-00C04F79EFBC}") = "ReporteComedorUY", "ReporteComedorUY\ReporteComedorUY.csproj", "{BB19089A-ED90-4CC3-AB34-485FAD066354}"
EndProject
Global
	GlobalSection(SolutionConfigurationPlatforms) = preSolution
		Debug|Any CPU = Debug|Any CPU
		Release|Any CPU = Release|Any CPU
	EndGlobalSection
	GlobalSection(ProjectConfigurationPlatforms) = postSolution
		{BB19089A-ED90-4CC3-AB34-485FAD066354}.Debug|Any CPU.ActiveCfg = Debug|Any CPU
		{BB19089A-ED90-4CC3-AB34-485FAD066354}.Debug|Any CPU.Build.0 = Debug|Any CPU
		{BB19089A-ED90-4CC3-AB34-485FAD066354}.Release|Any CPU.ActiveCfg = Release|Any CPU
		{BB19089A-ED90-4CC3-AB34-485FAD066354}.Release|Any CPU.Build.0 = Release|Any CPU
	EndGlobalSection
	GlobalSection(SolutionProperties) = preSolution
		HideSolutionNode = FALSE
	EndGlobalSection
	GlobalSection(ExtensibilityGlobals) = postSolution
		SolutionGuid = {2E54031E-E919-4032-BBD1-E6139B91D10D}
	EndGlobalSection
EndGlobal
